
Microsoft Visual Studio Solution File, Format Version 12.00
# Visual Studio Version 17
VisualStudioVersion = 17.7.34031.279
MinimumVisualStudioVersion = 10.0.40219.1
Project("{FAE04EC0-301F-11D3-BF4B-00C04F79EFBC}") = "ToDoApp", "ToDoApp\ToDoApp.csproj", "{059593F0-C51D-4E01-9012-FDA56FE5F26D}"
EndProject
Global
	GlobalSection(SolutionConfigurationPlatforms) = preSolution
		Debug|Any CPU = Debug|Any CPU
		Release|Any CPU = Release|Any CPU
	EndGlobalSection
	GlobalSection(ProjectConfigurationPlatforms) = postSolution
		{059593F0-C51D-4E01-9012-FDA56FE5F26D}.Debug|Any CPU.ActiveCfg = Debug|Any CPU
		{059593F0-C51D-4E01-9012-FDA56FE5F26D}.Debug|Any CPU.Build.0 = Debug|Any CPU
		{059593F0-C51D-4E01-9012-FDA56FE5F26D}.Release|Any CPU.ActiveCfg = Release|Any CPU
		{059593F0-C51D-4E01-9012-FDA56FE5F26D}.Release|Any CPU.Build.0 = Release|Any CPU
	EndGlobalSection
	GlobalSection(SolutionProperties) = preSolution
		HideSolutionNode = FALSE
	EndGlobalSection
	GlobalSection(ExtensibilityGlobals) = postSolution
		SolutionGuid = {A368706C-C186-4336-B82A-12D825335902}
	EndGlobalSection
EndGlobal
